
Microsoft Visual Studio Solution File, Format Version 12.00
# Visual Studio Version 16
VisualStudioVersion = 16.0.32630.194
MinimumVisualStudioVersion = 10.0.40219.1
Project("{FAE04EC0-301F-11D3-BF4B-00C04F79EFBC}") = "keylog", "keylog\keylog.csproj", "{68757C9A-1485-4B82-B980-6D70C212DF69}"
EndProject
Global
	GlobalSection(SolutionConfigurationPlatforms) = preSolution
		Debug|Any CPU = Debug|Any CPU
		Release|Any CPU = Release|Any CPU
	EndGlobalSection
	GlobalSection(ProjectConfigurationPlatforms) = postSolution
		{68757C9A-1485-4B82-B980-6D70C212DF69}.Debug|Any CPU.ActiveCfg = Debug|Any CPU
		{68757C9A-1485-4B82-B980-6D70C212DF69}.Debug|Any CPU.Build.0 = Debug|Any CPU
		{68757C9A-1485-4B82-B980-6D70C212DF69}.Release|Any CPU.ActiveCfg = Release|Any CPU
		{68757C9A-1485-4B82-B980-6D70C212DF69}.Release|Any CPU.Build.0 = Release|Any CPU
	EndGlobalSection
	GlobalSection(SolutionProperties) = preSolution
		HideSolutionNode = FALSE
	EndGlobalSection
	GlobalSection(ExtensibilityGlobals) = postSolution
		SolutionGuid = {644FE108-3EBB-4AFB-976E-383833273134}
	EndGlobalSection
EndGlobal
